// !$*UTF8*$!
{
	archiveVersion = 1;
	classes = {
	};
	objectVersion = 50;
	objects = {

/* Begin PBXBuildFile section */
		5D0A8280243554880011DE28 /* AlbumCell.swift in Sources */ = {isa = PBXBuildFile; fileRef = 5D0A827F243554880011DE28 /* AlbumCell.swift */; };
		5D0A82822435555E0011DE28 /* AlbumModel.swift in Sources */ = {isa = PBXBuildFile; fileRef = 5D0A82812435555E0011DE28 /* AlbumModel.swift */; };
		5D0A8285243567470011DE28 /* RSSAPI.swift in Sources */ = {isa = PBXBuildFile; fileRef = 5D0A8284243567470011DE28 /* RSSAPI.swift */; };
		5D0A8287243687A20011DE28 /* DetailsViewController.swift in Sources */ = {isa = PBXBuildFile; fileRef = 5D0A8286243687A20011DE28 /* DetailsViewController.swift */; };
		5DC07A54243BE5D700DE93DC /* ImageLoader.swift in Sources */ = {isa = PBXBuildFile; fileRef = 5DC07A53243BE5D700DE93DC /* ImageLoader.swift */; };
		5DC07A56243C46FD00DE93DC /* Extentions.swift in Sources */ = {isa = PBXBuildFile; fileRef = 5DC07A55243C46FD00DE93DC /* Extentions.swift */; };
		5DDF9D582435383100F30BAE /* AppDelegate.swift in Sources */ = {isa = PBXBuildFile; fileRef = 5DDF9D572435383100F30BAE /* AppDelegate.swift */; };
		5DDF9D5A2435383100F30BAE /* SceneDelegate.swift in Sources */ = {isa = PBXBuildFile; fileRef = 5DDF9D592435383100F30BAE /* SceneDelegate.swift */; };
		5DDF9D612435383600F30BAE /* Assets.xcassets in Resources */ = {isa = PBXBuildFile; fileRef = 5DDF9D602435383600F30BAE /* Assets.xcassets */; };
		5DDF9D642435383600F30BAE /* LaunchScreen.storyboard in Resources */ = {isa = PBXBuildFile; fileRef = 5DDF9D622435383600F30BAE /* LaunchScreen.storyboard */; };
		5DDF9D6F2435383600F30BAE /* iTunesAlbumsTests.swift in Sources */ = {isa = PBXBuildFile; fileRef = 5DDF9D6E2435383600F30BAE /* iTunesAlbumsTests.swift */; };
		5DDF9D8824353D9100F30BAE /* ShowAlbumsViewController.swift in Sources */ = {isa = PBXBuildFile; fileRef = 5DDF9D8724353D9100F30BAE /* ShowAlbumsViewController.swift */; };
/* End PBXBuildFile section */

/* Begin PBXContainerItemProxy section */
		5DDF9D6B2435383600F30BAE /* PBXContainerItemProxy */ = {
			isa = PBXContainerItemProxy;
			containerPortal = 5DDF9D4C2435383100F30BAE /* Project object */;
			proxyType = 1;
			remoteGlobalIDString = 5DDF9D532435383100F30BAE;
			remoteInfo = iTunesAlbums;
		};
/* End PBXContainerItemProxy section */

/* Begin PBXFileReference section */
		5D0A827F243554880011DE28 /* AlbumCell.swift */ = {isa = PBXFileReference; lastKnownFileType = sourcecode.swift; path = AlbumCell.swift; sourceTree = "<group>"; };
		5D0A82812435555E0011DE28 /* AlbumModel.swift */ = {isa = PBXFileReference; lastKnownFileType = sourcecode.swift; path = AlbumModel.swift; sourceTree = "<group>"; };
		5D0A8284243567470011DE28 /* RSSAPI.swift */ = {isa = PBXFileReference; lastKnownFileType = sourcecode.swift; path = RSSAPI.swift; sourceTree = "<group>"; };
		5D0A8286243687A20011DE28 /* DetailsViewController.swift */ = {isa = PBXFileReference; lastKnownFileType = sourcecode.swift; path = DetailsViewController.swift; sourceTree = "<group>"; };
		5DC07A53243BE5D700DE93DC /* ImageLoader.swift */ = {isa = PBXFileReference; lastKnownFileType = sourcecode.swift; path = ImageLoader.swift; sourceTree = "<group>"; };
		5DC07A55243C46FD00DE93DC /* Extentions.swift */ = {isa = PBXFileReference; lastKnownFileType = sourcecode.swift; path = Extentions.swift; sourceTree = "<group>"; };
		5DDF9D542435383100F30BAE /* iTunes Albums.app */ = {isa = PBXFileReference; explicitFileType = wrapper.application; includeInIndex = 0; path = "iTunes Albums.app"; sourceTree = BUILT_PRODUCTS_DIR; };
		5DDF9D572435383100F30BAE /* AppDelegate.swift */ = {isa = PBXFileReference; lastKnownFileType = sourcecode.swift; path = AppDelegate.swift; sourceTree = "<group>"; };
		5DDF9D592435383100F30BAE /* SceneDelegate.swift */ = {isa = PBXFileReference; lastKnownFileType = sourcecode.swift; path = SceneDelegate.swift; sourceTree = "<group>"; };
		5DDF9D602435383600F30BAE /* Assets.xcassets */ = {isa = PBXFileReference; lastKnownFileType = folder.assetcatalog; path = Assets.xcassets; sourceTree = "<group>"; };
		5DDF9D632435383600F30BAE /* Base */ = {isa = PBXFileReference; lastKnownFileType = file.storyboard; name = Base; path = Base.lproj/LaunchScreen.storyboard; sourceTree = "<group>"; };
		5DDF9D652435383600F30BAE /* Info.plist */ = {isa = PBXFileReference; lastKnownFileType = text.plist.xml; path = Info.plist; sourceTree = "<group>"; };
		5DDF9D6A2435383600F30BAE /* iTunes AlbumsTests.xctest */ = {isa = PBXFileReference; explicitFileType = wrapper.cfbundle; includeInIndex = 0; path = "iTunes AlbumsTests.xctest"; sourceTree = BUILT_PRODUCTS_DIR; };
		5DDF9D6E2435383600F30BAE /* iTunesAlbumsTests.swift */ = {isa = PBXFileReference; lastKnownFileType = sourcecode.swift; path = iTunesAlbumsTests.swift; sourceTree = "<group>"; };
		5DDF9D702435383600F30BAE /* Info.plist */ = {isa = PBXFileReference; lastKnownFileType = text.plist.xml; path = Info.plist; sourceTree = "<group>"; };
		5DDF9D8724353D9100F30BAE /* ShowAlbumsViewController.swift */ = {isa = PBXFileReference; lastKnownFileType = sourcecode.swift; path = ShowAlbumsViewController.swift; sourceTree = "<group>"; };
/* End PBXFileReference section */

/* Begin PBXFrameworksBuildPhase section */
		5DDF9D512435383100F30BAE /* Frameworks */ = {
			isa = PBXFrameworksBuildPhase;
			buildActionMask = 2147483647;
			files = (
			);
			runOnlyForDeploymentPostprocessing = 0;
		};
		5DDF9D672435383600F30BAE /* Frameworks */ = {
			isa = PBXFrameworksBuildPhase;
			buildActionMask = 2147483647;
			files = (
			);
			runOnlyForDeploymentPostprocessing = 0;
		};
/* End PBXFrameworksBuildPhase section */

/* Begin PBXGroup section */
		5DC07A57243C4EA200DE93DC /* ViewControllers */ = {
			isa = PBXGroup;
			children = (
			);
			path = ViewControllers;
			sourceTree = "<group>";
		};
		5DDF9D4B2435383100F30BAE = {
			isa = PBXGroup;
			children = (
				5DDF9D562435383100F30BAE /* iTunesAlbums */,
				5DDF9D6D2435383600F30BAE /* iTunesAlbumsTests */,
				5DDF9D552435383100F30BAE /* Products */,
			);
			sourceTree = "<group>";
		};
		5DDF9D552435383100F30BAE /* Products */ = {
			isa = PBXGroup;
			children = (
				5DDF9D542435383100F30BAE /* iTunes Albums.app */,
				5DDF9D6A2435383600F30BAE /* iTunes AlbumsTests.xctest */,
			);
			name = Products;
			sourceTree = "<group>";
		};
		5DDF9D562435383100F30BAE /* iTunesAlbums */ = {
			isa = PBXGroup;
			children = (
				5DC07A57243C4EA200DE93DC /* ViewControllers */,
				5DDF9D572435383100F30BAE /* AppDelegate.swift */,
				5DDF9D592435383100F30BAE /* SceneDelegate.swift */,
				5DDF9D602435383600F30BAE /* Assets.xcassets */,
				5DDF9D622435383600F30BAE /* LaunchScreen.storyboard */,
				5DDF9D652435383600F30BAE /* Info.plist */,
				5D0A827F243554880011DE28 /* AlbumCell.swift */,
				5D0A82812435555E0011DE28 /* AlbumModel.swift */,
				5D0A8284243567470011DE28 /* RSSAPI.swift */,
				5DDF9D8724353D9100F30BAE /* ShowAlbumsViewController.swift */,
				5D0A8286243687A20011DE28 /* DetailsViewController.swift */,
				5DC07A53243BE5D700DE93DC /* ImageLoader.swift */,
				5DC07A55243C46FD00DE93DC /* Extentions.swift */,
			);
			path = iTunesAlbums;
			sourceTree = "<group>";
		};
		5DDF9D6D2435383600F30BAE /* iTunesAlbumsTests */ = {
			isa = PBXGroup;
			children = (
				5DDF9D6E2435383600F30BAE /* iTunesAlbumsTests.swift */,
				5DDF9D702435383600F30BAE /* Info.plist */,
			);
			path = iTunesAlbumsTests;
			sourceTree = "<group>";
		};
/* End PBXGroup section */

/* Begin PBXNativeTarget section */
		5DDF9D532435383100F30BAE /* iTunes Albums */ = {
			isa = PBXNativeTarget;
			buildConfigurationList = 5DDF9D7E2435383600F30BAE /* Build configuration list for PBXNativeTarget "iTunes Albums" */;
			buildPhases = (
				5DDF9D502435383100F30BAE /* Sources */,
				5DDF9D512435383100F30BAE /* Frameworks */,
				5DDF9D522435383100F30BAE /* Resources */,
			);
			buildRules = (
			);
			dependencies = (
			);
			name = "iTunes Albums";
			productName = iTunesAlbums;
			productReference = 5DDF9D542435383100F30BAE /* iTunes Albums.app */;
			productType = "com.apple.product-type.application";
		};
		5DDF9D692435383600F30BAE /* iTunes AlbumsTests */ = {
			isa = PBXNativeTarget;
			buildConfigurationList = 5DDF9D812435383600F30BAE /* Build configuration list for PBXNativeTarget "iTunes AlbumsTests" */;
			buildPhases = (
				5DDF9D662435383600F30BAE /* Sources */,
				5DDF9D672435383600F30BAE /* Frameworks */,
				5DDF9D682435383600F30BAE /* Resources */,
			);
			buildRules = (
			);
			dependencies = (
				5DDF9D6C2435383600F30BAE /* PBXTargetDependency */,
			);
			name = "iTunes AlbumsTests";
			productName = iTunesAlbumsTests;
			productReference = 5DDF9D6A2435383600F30BAE /* iTunes AlbumsTests.xctest */;
			productType = "com.apple.product-type.bundle.unit-test";
		};
/* End PBXNativeTarget section */

/* Begin PBXProject section */
		5DDF9D4C2435383100F30BAE /* Project object */ = {
			isa = PBXProject;
			attributes = {
				LastSwiftUpdateCheck = 1140;
				LastUpgradeCheck = 1140;
				ORGANIZATIONNAME = "Nicholas Bonat";
				TargetAttributes = {
					5DDF9D532435383100F30BAE = {
						CreatedOnToolsVersion = 11.4;
					};
					5DDF9D692435383600F30BAE = {
						CreatedOnToolsVersion = 11.4;
						TestTargetID = 5DDF9D532435383100F30BAE;
					};
				};
			};
			buildConfigurationList = 5DDF9D4F2435383100F30BAE /* Build configuration list for PBXProject "iTunes Albums" */;
			compatibilityVersion = "Xcode 9.3";
			developmentRegion = en;
			hasScannedForEncodings = 0;
			knownRegions = (
				en,
				Base,
			);
			mainGroup = 5DDF9D4B2435383100F30BAE;
			productRefGroup = 5DDF9D552435383100F30BAE /* Products */;
			projectDirPath = "";
			projectRoot = "";
			targets = (
				5DDF9D532435383100F30BAE /* iTunes Albums */,
				5DDF9D692435383600F30BAE /* iTunes AlbumsTests */,
			);
		};
/* End PBXProject section */

/* Begin PBXResourcesBuildPhase section */
		5DDF9D522435383100F30BAE /* Resources */ = {
			isa = PBXResourcesBuildPhase;
			buildActionMask = 2147483647;
			files = (
				5DDF9D642435383600F30BAE /* LaunchScreen.storyboard in Resources */,
				5DDF9D612435383600F30BAE /* Assets.xcassets in Resources */,
			);
			runOnlyForDeploymentPostprocessing = 0;
		};
		5DDF9D682435383600F30BAE /* Resources */ = {
			isa = PBXResourcesBuildPhase;
			buildActionMask = 2147483647;
			files = (
			);
			runOnlyForDeploymentPostprocessing = 0;
		};
/* End PBXResourcesBuildPhase section */

/* Begin PBXSourcesBuildPhase section */
		5DDF9D502435383100F30BAE /* Sources */ = {
			isa = PBXSourcesBuildPhase;
			buildActionMask = 2147483647;
			files = (
				5DDF9D8824353D9100F30BAE /* ShowAlbumsViewController.swift in Sources */,
				5DDF9D582435383100F30BAE /* AppDelegate.swift in Sources */,
				5DC07A54243BE5D700DE93DC /* ImageLoader.swift in Sources */,
				5DC07A56243C46FD00DE93DC /* Extentions.swift in Sources */,
				5DDF9D5A2435383100F30BAE /* SceneDelegate.swift in Sources */,
				5D0A8285243567470011DE28 /* RSSAPI.swift in Sources */,
				5D0A8287243687A20011DE28 /* DetailsViewController.swift in Sources */,
				5D0A82822435555E0011DE28 /* AlbumModel.swift in Sources */,
				5D0A8280243554880011DE28 /* AlbumCell.swift in Sources */,
			);
			runOnlyForDeploymentPostprocessing = 0;
		};
		5DDF9D662435383600F30BAE /* Sources */ = {
			isa = PBXSourcesBuildPhase;
			buildActionMask = 2147483647;
			files = (
				5DDF9D6F2435383600F30BAE /* iTunesAlbumsTests.swift in Sources */,
			);
			runOnlyForDeploymentPostprocessing = 0;
		};
/* End PBXSourcesBuildPhase section */

/* Begin PBXTargetDependency section */
		5DDF9D6C2435383600F30BAE /* PBXTargetDependency */ = {
			isa = PBXTargetDependency;
			target = 5DDF9D532435383100F30BAE /* iTunes Albums */;
			targetProxy = 5DDF9D6B2435383600F30BAE /* PBXContainerItemProxy */;
		};
/* End PBXTargetDependency section */

/* Begin PBXVariantGroup section */
		5DDF9D622435383600F30BAE /* LaunchScreen.storyboard */ = {
			isa = PBXVariantGroup;
			children = (
				5DDF9D632435383600F30BAE /* Base */,
			);
			name = LaunchScreen.storyboard;
			sourceTree = "<group>";
		};
/* End PBXVariantGroup section */

/* Begin XCBuildConfiguration section */
		5DDF9D7C2435383600F30BAE /* Debug */ = {
			isa = XCBuildConfiguration;
			buildSettings = {
				ALWAYS_SEARCH_USER_PATHS = NO;
				CLANG_ANALYZER_NONNULL = YES;
				CLANG_ANALYZER_NUMBER_OBJECT_CONVERSION = YES_AGGRESSIVE;
				CLANG_CXX_LANGUAGE_STANDARD = "gnu++14";
				CLANG_CXX_LIBRARY = "libc++";
				CLANG_ENABLE_MODULES = YES;
				CLANG_ENABLE_OBJC_ARC = YES;
				CLANG_ENABLE_OBJC_WEAK = YES;
				CLANG_WARN_BLOCK_CAPTURE_AUTORELEASING = YES;
				CLANG_WARN_BOOL_CONVERSION = YES;
				CLANG_WARN_COMMA = YES;
				CLANG_WARN_CONSTANT_CONVERSION = YES;
				CLANG_WARN_DEPRECATED_OBJC_IMPLEMENTATIONS = YES;
				CLANG_WARN_DIRECT_OBJC_ISA_USAGE = YES_ERROR;
				CLANG_WARN_DOCUMENTATION_COMMENTS = YES;
				CLANG_WARN_EMPTY_BODY = YES;
				CLANG_WARN_ENUM_CONVERSION = YES;
				CLANG_WARN_INFINITE_RECURSION = YES;
				CLANG_WARN_INT_CONVERSION = YES;
				CLANG_WARN_NON_LITERAL_NULL_CONVERSION = YES;
				CLANG_WARN_OBJC_IMPLICIT_RETAIN_SELF = YES;
				CLANG_WARN_OBJC_LITERAL_CONVERSION = YES;
				CLANG_WARN_OBJC_ROOT_CLASS = YES_ERROR;
				CLANG_WARN_RANGE_LOOP_ANALYSIS = YES;
				CLANG_WARN_STRICT_PROTOTYPES = YES;
				CLANG_WARN_SUSPICIOUS_MOVE = YES;
				CLANG_WARN_UNGUARDED_AVAILABILITY = YES_AGGRESSIVE;
				CLANG_WARN_UNREACHABLE_CODE = YES;
				CLANG_WARN__DUPLICATE_METHOD_MATCH = YES;
				COPY_PHASE_STRIP = NO;
				DEBUG_INFORMATION_FORMAT = dwarf;
				ENABLE_STRICT_OBJC_MSGSEND = YES;
				ENABLE_TESTABILITY = YES;
				GCC_C_LANGUAGE_STANDARD = gnu11;
				GCC_DYNAMIC_NO_PIC = NO;
				GCC_NO_COMMON_BLOCKS = YES;
				GCC_OPTIMIZATION_LEVEL = 0;
				GCC_PREPROCESSOR_DEFINITIONS = (
					"DEBUG=1",
					"$(inherited)",
				);
				GCC_WARN_64_TO_32_BIT_CONVERSION = YES;
				GCC_WARN_ABOUT_RETURN_TYPE = YES_ERROR;
				GCC_WARN_UNDECLARED_SELECTOR = YES;
				GCC_WARN_UNINITIALIZED_AUTOS = YES_AGGRESSIVE;
				GCC_WARN_UNUSED_FUNCTION = YES;
				GCC_WARN_UNUSED_VARIABLE = YES;
				IPHONEOS_DEPLOYMENT_TARGET = 13.4;
				MTL_ENABLE_DEBUG_INFO = INCLUDE_SOURCE;
				MTL_FAST_MATH = YES;
				ONLY_ACTIVE_ARCH = YES;
				SDKROOT = iphoneos;
				SWIFT_ACTIVE_COMPILATION_CONDITIONS = DEBUG;
				SWIFT_OPTIMIZATION_LEVEL = "-Onone";
			};
			name = Debug;
		};
		5DDF9D7D2435383600F30BAE /* Release */ = {
			isa = XCBuildConfiguration;
			buildSettings = {
				ALWAYS_SEARCH_USER_PATHS = NO;
				CLANG_ANALYZER_NONNULL = YES;
				CLANG_ANALYZER_NUMBER_OBJECT_CONVERSION = YES_AGGRESSIVE;
				CLANG_CXX_LANGUAGE_STANDARD = "gnu++14";
				CLANG_CXX_LIBRARY = "libc++";
				CLANG_ENABLE_MODULES = YES;
				CLANG_ENABLE_OBJC_ARC = YES;
				CLANG_ENABLE_OBJC_WEAK = YES;
				CLANG_WARN_BLOCK_CAPTURE_AUTORELEASING = YES;
				CLANG_WARN_BOOL_CONVERSION = YES;
				CLANG_WARN_COMMA = YES;
				CLANG_WARN_CONSTANT_CONVERSION = YES;
				CLANG_WARN_DEPRECATED_OBJC_IMPLEMENTATIONS = YES;
				CLANG_WARN_DIRECT_OBJC_ISA_USAGE = YES_ERROR;
				CLANG_WARN_DOCUMENTATION_COMMENTS = YES;
				CLANG_WARN_EMPTY_BODY = YES;
				CLANG_WARN_ENUM_CONVERSION = YES;
				CLANG_WARN_INFINITE_RECURSION = YES;
				CLANG_WARN_INT_CONVERSION = YES;
				CLANG_WARN_NON_LITERAL_NULL_CONVERSION = YES;
				CLANG_WARN_OBJC_IMPLICIT_RETAIN_SELF = YES;
				CLANG_WARN_OBJC_LITERAL_CONVERSION = YES;
				CLANG_WARN_OBJC_ROOT_CLASS = YES_ERROR;
				CLANG_WARN_RANGE_LOOP_ANALYSIS = YES;
				CLANG_WARN_STRICT_PROTOTYPES = YES;
				CLANG_WARN_SUSPICIOUS_MOVE = YES;
				CLANG_WARN_UNGUARDED_AVAILABILITY = YES_AGGRESSIVE;
				CLANG_WARN_UNREACHABLE_CODE = YES;
				CLANG_WARN__DUPLICATE_METHOD_MATCH = YES;
				COPY_PHASE_STRIP = NO;
				DEBUG_INFORMATION_FORMAT = "dwarf-with-dsym";
				ENABLE_NS_ASSERTIONS = NO;
				ENABLE_STRICT_OBJC_MSGSEND = YES;
				GCC_C_LANGUAGE_STANDARD = gnu11;
				GCC_NO_COMMON_BLOCKS = YES;
				GCC_WARN_64_TO_32_BIT_CONVERSION = YES;
				GCC_WARN_ABOUT_RETURN_TYPE = YES_ERROR;
				GCC_WARN_UNDECLARED_SELECTOR = YES;
				GCC_WARN_UNINITIALIZED_AUTOS = YES_AGGRESSIVE;
				GCC_WARN_UNUSED_FUNCTION = YES;
				GCC_WARN_UNUSED_VARIABLE = YES;
				IPHONEOS_DEPLOYMENT_TARGET = 13.4;
				MTL_ENABLE_DEBUG_INFO = NO;
				MTL_FAST_MATH = YES;
				SDKROOT = iphoneos;
				SWIFT_COMPILATION_MODE = wholemodule;
				SWIFT_OPTIMIZATION_LEVEL = "-O";
				VALIDATE_PRODUCT = YES;
			};
			name = Release;
		};
		5DDF9D7F2435383600F30BAE /* Debug */ = {
			isa = XCBuildConfiguration;
			buildSettings = {
				ASSETCATALOG_COMPILER_APPICON_NAME = AppIcon;
				CODE_SIGN_STYLE = Automatic;
				DEVELOPMENT_TEAM = 5WH6W6VTPW;
				INFOPLIST_FILE = iTunesAlbums/Info.plist;
				LD_RUNPATH_SEARCH_PATHS = (
					"$(inherited)",
					"@executable_path/Frameworks",
				);
				PRODUCT_BUNDLE_IDENTIFIER = "www.nickbonat.push-ok.iTunesAlbums";
				PRODUCT_NAME = "iTunes Albums";
				SWIFT_VERSION = 5.0;
				TARGETED_DEVICE_FAMILY = "1,2";
			};
			name = Debug;
		};
		5DDF9D802435383600F30BAE /* Release */ = {
			isa = XCBuildConfiguration;
			buildSettings = {
				ASSETCATALOG_COMPILER_APPICON_NAME = AppIcon;
				CODE_SIGN_STYLE = Automatic;
				DEVELOPMENT_TEAM = 5WH6W6VTPW;
				INFOPLIST_FILE = iTunesAlbums/Info.plist;
				LD_RUNPATH_SEARCH_PATHS = (
					"$(inherited)",
					"@executable_path/Frameworks",
				);
				PRODUCT_BUNDLE_IDENTIFIER = "www.nickbonat.push-ok.iTunesAlbums";
				PRODUCT_NAME = "iTunes Albums";
				SWIFT_VERSION = 5.0;
				TARGETED_DEVICE_FAMILY = "1,2";
			};
			name = Release;
		};
		5DDF9D822435383600F30BAE /* Debug */ = {
			isa = XCBuildConfiguration;
			buildSettings = {
				ALWAYS_EMBED_SWIFT_STANDARD_LIBRARIES = YES;
				BUNDLE_LOADER = "$(TEST_HOST)";
				CODE_SIGN_STYLE = Automatic;
				DEVELOPMENT_TEAM = 5WH6W6VTPW;
				INFOPLIST_FILE = iTunesAlbumsTests/Info.plist;
				IPHONEOS_DEPLOYMENT_TARGET = 13.4;
				LD_RUNPATH_SEARCH_PATHS = (
					"$(inherited)",
					"@executable_path/Frameworks",
					"@loader_path/Frameworks",
				);
				PRODUCT_BUNDLE_IDENTIFIER = "www.nickbonat.push-ok.iTunesAlbumsTests";
				PRODUCT_NAME = "$(TARGET_NAME)";
				SWIFT_VERSION = 5.0;
				TARGETED_DEVICE_FAMILY = "1,2";
				TEST_HOST = "$(BUILT_PRODUCTS_DIR)/iTunes Albums.app/iTunes Albums";
			};
			name = Debug;
		};
		5DDF9D832435383600F30BAE /* Release */ = {
			isa = XCBuildConfiguration;
			buildSettings = {
				ALWAYS_EMBED_SWIFT_STANDARD_LIBRARIES = YES;
				BUNDLE_LOADER = "$(TEST_HOST)";
				CODE_SIGN_STYLE = Automatic;
				DEVELOPMENT_TEAM = 5WH6W6VTPW;
				INFOPLIST_FILE = iTunesAlbumsTests/Info.plist;
				IPHONEOS_DEPLOYMENT_TARGET = 13.4;
				LD_RUNPATH_SEARCH_PATHS = (
					"$(inherited)",
					"@executable_path/Frameworks",
					"@loader_path/Frameworks",
				);
				PRODUCT_BUNDLE_IDENTIFIER = "www.nickbonat.push-ok.iTunesAlbumsTests";
				PRODUCT_NAME = "$(TARGET_NAME)";
				SWIFT_VERSION = 5.0;
				TARGETED_DEVICE_FAMILY = "1,2";
				TEST_HOST = "$(BUILT_PRODUCTS_DIR)/iTunes Albums.app/iTunes Albums";
			};
			name = Release;
		};
/* End XCBuildConfiguration section */

/* Begin XCConfigurationList section */
		5DDF9D4F2435383100F30BAE /* Build configuration list for PBXProject "iTunes Albums" */ = {
			isa = XCConfigurationList;
			buildConfigurations = (
				5DDF9D7C2435383600F30BAE /* Debug */,
				5DDF9D7D2435383600F30BAE /* Release */,
			);
			defaultConfigurationIsVisible = 0;
			defaultConfigurationName = Release;
		};
		5DDF9D7E2435383600F30BAE /* Build configuration list for PBXNativeTarget "iTunes Albums" */ = {
			isa = XCConfigurationList;
			buildConfigurations = (
				5DDF9D7F2435383600F30BAE /* Debug */,
				5DDF9D802435383600F30BAE /* Release */,
			);
			defaultConfigurationIsVisible = 0;
			defaultConfigurationName = Release;
		};
		5DDF9D812435383600F30BAE /* Build configuration list for PBXNativeTarget "iTunes AlbumsTests" */ = {
			isa = XCConfigurationList;
			buildConfigurations = (
				5DDF9D822435383600F30BAE /* Debug */,
				5DDF9D832435383600F30BAE /* Release */,
			);
			defaultConfigurationIsVisible = 0;
			defaultConfigurationName = Release;
		};
/* End XCConfigurationList section */
	};
	rootObject = 5DDF9D4C2435383100F30BAE /* Project object */;
}
